
Microsoft Visual Studio Solution File, Format Version 12.00
# Visual Studio Version 17
VisualStudioVersion = 17.0.32014.148
MinimumVisualStudioVersion = 10.0.40219.1
Project("{9A19103F-16F7-4668-BE54-9A1E7A4F7556}") = "IntroOOP", "IntroOOP\IntroOOP.csproj", "{001BA23D-10C1-46DE-8CA3-9FE97CF79021}"
EndProject
Project("{2150E333-8FDC-42A3-9474-1A3956D46DE8}") = "Solution Items", "Solution Items", "{B53CAB56-B799-4D3C-9E12-4296988B2366}"
	ProjectSection(SolutionItems) = preProject
		.gitignore = .gitignore
	EndProjectSection
EndProject
Project("{9A19103F-16F7-4668-BE54-9A1E7A4F7556}") = "StudentsOperations", "StudentsOperations\StudentsOperations.csproj", "{EA98278E-D340-4969-9BB8-3FDF2C4B098E}"
EndProject
Project("{FAE04EC0-301F-11D3-BF4B-00C04F79EFBC}") = "ToolsLib", "ToolsLib\ToolsLib.csproj", "{067E5F24-53E0-4E48-96CF-C5A9E4293004}"
EndProject
Global
	GlobalSection(SolutionConfigurationPlatforms) = preSolution
		Debug|Any CPU = Debug|Any CPU
		Release|Any CPU = Release|Any CPU
	EndGlobalSection
	GlobalSection(ProjectConfigurationPlatforms) = postSolution
		{001BA23D-10C1-46DE-8CA3-9FE97CF79021}.Debug|Any CPU.ActiveCfg = Debug|Any CPU
		{001BA23D-10C1-46DE-8CA3-9FE97CF79021}.Debug|Any CPU.Build.0 = Debug|Any CPU
		{001BA23D-10C1-46DE-8CA3-9FE97CF79021}.Release|Any CPU.ActiveCfg = Release|Any CPU
		{001BA23D-10C1-46DE-8CA3-9FE97CF79021}.Release|Any CPU.Build.0 = Release|Any CPU
		{EA98278E-D340-4969-9BB8-3FDF2C4B098E}.Debug|Any CPU.ActiveCfg = Debug|Any CPU
		{EA98278E-D340-4969-9BB8-3FDF2C4B098E}.Debug|Any CPU.Build.0 = Debug|Any CPU
		{EA98278E-D340-4969-9BB8-3FDF2C4B098E}.Release|Any CPU.ActiveCfg = Release|Any CPU
		{EA98278E-D340-4969-9BB8-3FDF2C4B098E}.Release|Any CPU.Build.0 = Release|Any CPU
		{067E5F24-53E0-4E48-96CF-C5A9E4293004}.Debug|Any CPU.ActiveCfg = Debug|Any CPU
		{067E5F24-53E0-4E48-96CF-C5A9E4293004}.Debug|Any CPU.Build.0 = Debug|Any CPU
		{067E5F24-53E0-4E48-96CF-C5A9E4293004}.Release|Any CPU.ActiveCfg = Release|Any CPU
		{067E5F24-53E0-4E48-96CF-C5A9E4293004}.Release|Any CPU.Build.0 = Release|Any CPU
	EndGlobalSection
	GlobalSection(SolutionProperties) = preSolution
		HideSolutionNode = FALSE
	EndGlobalSection
	GlobalSection(ExtensibilityGlobals) = postSolution
		SolutionGuid = {27860B60-124E-4986-ACA5-A26BC06D289D}
	EndGlobalSection
EndGlobal
